
Microsoft Visual Studio Solution File, Format Version 12.00
# Visual Studio Version 16
VisualStudioVersion = 16.0.31205.134
MinimumVisualStudioVersion = 10.0.40219.1
Project("{9A19103F-16F7-4668-BE54-9A1E7A4F7556}") = "Apsiyon.Entities", "Apsiyon.Entities\Apsiyon.Entities.csproj", "{741D9769-8E5F-4728-90A0-18AEF6027B5D}"
EndProject
Project("{9A19103F-16F7-4668-BE54-9A1E7A4F7556}") = "Apsiyon.DataAccess", "Apsiyon.DataAccess\Apsiyon.DataAccess.csproj", "{F812E7AA-C51F-4493-9399-66BAF3EA0D2B}"
EndProject
Project("{9A19103F-16F7-4668-BE54-9A1E7A4F7556}") = "Apsiyon.Business", "Apsiyon.Business\Apsiyon.Business.csproj", "{D6516D4D-A48D-45FE-9650-3FBD990EFFE9}"
EndProject
Project("{9A19103F-16F7-4668-BE54-9A1E7A4F7556}") = "Apsiyon.API", "Apsiyon.API\Apsiyon.API.csproj", "{2C5159C6-D14A-48F4-880D-80AC9A227975}"
EndProject
Global
	GlobalSection(SolutionConfigurationPlatforms) = preSolution
		Debug|Any CPU = Debug|Any CPU
		Release|Any CPU = Release|Any CPU
	EndGlobalSection
	GlobalSection(ProjectConfigurationPlatforms) = postSolution
		{741D9769-8E5F-4728-90A0-18AEF6027B5D}.Debug|Any CPU.ActiveCfg = Debug|Any CPU
		{741D9769-8E5F-4728-90A0-18AEF6027B5D}.Debug|Any CPU.Build.0 = Debug|Any CPU
		{741D9769-8E5F-4728-90A0-18AEF6027B5D}.Release|Any CPU.ActiveCfg = Release|Any CPU
		{741D9769-8E5F-4728-90A0-18AEF6027B5D}.Release|Any CPU.Build.0 = Release|Any CPU
		{F812E7AA-C51F-4493-9399-66BAF3EA0D2B}.Debug|Any CPU.ActiveCfg = Debug|Any CPU
		{F812E7AA-C51F-4493-9399-66BAF3EA0D2B}.Debug|Any CPU.Build.0 = Debug|Any CPU
		{F812E7AA-C51F-4493-9399-66BAF3EA0D2B}.Release|Any CPU.ActiveCfg = Release|Any CPU
		{F812E7AA-C51F-4493-9399-66BAF3EA0D2B}.Release|Any CPU.Build.0 = Release|Any CPU
		{D6516D4D-A48D-45FE-9650-3FBD990EFFE9}.Debug|Any CPU.ActiveCfg = Debug|Any CPU
		{D6516D4D-A48D-45FE-9650-3FBD990EFFE9}.Debug|Any CPU.Build.0 = Debug|Any CPU
		{D6516D4D-A48D-45FE-9650-3FBD990EFFE9}.Release|Any CPU.ActiveCfg = Release|Any CPU
		{D6516D4D-A48D-45FE-9650-3FBD990EFFE9}.Release|Any CPU.Build.0 = Release|Any CPU
		{2C5159C6-D14A-48F4-880D-80AC9A227975}.Debug|Any CPU.ActiveCfg = Debug|Any CPU
		{2C5159C6-D14A-48F4-880D-80AC9A227975}.Debug|Any CPU.Build.0 = Debug|Any CPU
		{2C5159C6-D14A-48F4-880D-80AC9A227975}.Release|Any CPU.ActiveCfg = Release|Any CPU
		{2C5159C6-D14A-48F4-880D-80AC9A227975}.Release|Any CPU.Build.0 = Release|Any CPU
	EndGlobalSection
	GlobalSection(SolutionProperties) = preSolution
		HideSolutionNode = FALSE
	EndGlobalSection
	GlobalSection(ExtensibilityGlobals) = postSolution
		SolutionGuid = {33B83FDF-87B5-4D49-BD86-5AFDA8647496}
	EndGlobalSection
EndGlobal
